
Microsoft Visual Studio Solution File, Format Version 12.00
# Visual Studio 15
VisualStudioVersion = 15.0.27428.2037
MinimumVisualStudioVersion = 10.0.40219.1
Project("{FAE04EC0-301F-11D3-BF4B-00C04F79EFBC}") = "booksis", "booksis\booksis.csproj", "{DD6C0FE2-FA6F-4C96-A9F7-734B6221B61F}"
EndProject
Project("{2150E333-8FDC-42A3-9474-1A3956D46DE8}") = "Solution Items", "Solution Items", "{17786E60-3816-4611-99D0-C13FD71F8310}"
	ProjectSection(SolutionItems) = preProject
		booksis.sqlite = booksis.sqlite
	EndProjectSection
EndProject
Global
	GlobalSection(SolutionConfigurationPlatforms) = preSolution
		Debug|Any CPU = Debug|Any CPU
		Release|Any CPU = Release|Any CPU
	EndGlobalSection
	GlobalSection(ProjectConfigurationPlatforms) = postSolution
		{DD6C0FE2-FA6F-4C96-A9F7-734B6221B61F}.Debug|Any CPU.ActiveCfg = Debug|Any CPU
		{DD6C0FE2-FA6F-4C96-A9F7-734B6221B61F}.Debug|Any CPU.Build.0 = Debug|Any CPU
		{DD6C0FE2-FA6F-4C96-A9F7-734B6221B61F}.Release|Any CPU.ActiveCfg = Release|Any CPU
		{DD6C0FE2-FA6F-4C96-A9F7-734B6221B61F}.Release|Any CPU.Build.0 = Release|Any CPU
	EndGlobalSection
	GlobalSection(SolutionProperties) = preSolution
		HideSolutionNode = FALSE
	EndGlobalSection
	GlobalSection(ExtensibilityGlobals) = postSolution
		SolutionGuid = {23FE31B5-3C01-486F-8153-4D99C68D9B6D}
	EndGlobalSection
EndGlobal
